// !$*UTF8*$!
{
	archiveVersion = 1;
	classes = {
	};
	objectVersion = 46;
	objects = {

/* Begin PBXBuildFile section */
		0B1CF8ED1D5FDB8B00A71263 /* libTrees.a in Frameworks */ = {isa = PBXBuildFile; fileRef = 0B1CF8EC1D5FDB8B00A71263 /* libTrees.a */; };
		0B5A64A41D5FD5BF005A157E /* AppDelegate.m in Sources */ = {isa = PBXBuildFile; fileRef = 0B5A64A31D5FD5BF005A157E /* AppDelegate.m */; };
		0B5A64A71D5FD5BF005A157E /* main.m in Sources */ = {isa = PBXBuildFile; fileRef = 0B5A64A61D5FD5BF005A157E /* main.m */; };
		0B5A64AA1D5FD5BF005A157E /* ViewController.m in Sources */ = {isa = PBXBuildFile; fileRef = 0B5A64A91D5FD5BF005A157E /* ViewController.m */; };
		0B5A64AC1D5FD5BF005A157E /* Assets.xcassets in Resources */ = {isa = PBXBuildFile; fileRef = 0B5A64AB1D5FD5BF005A157E /* Assets.xcassets */; };
		0B5A64AF1D5FD5BF005A157E /* Main.storyboard in Resources */ = {isa = PBXBuildFile; fileRef = 0B5A64AD1D5FD5BF005A157E /* Main.storyboard */; };
/* End PBXBuildFile section */

/* Begin PBXFileReference section */
		0B1CF8EC1D5FDB8B00A71263 /* libTrees.a */ = {isa = PBXFileReference; lastKnownFileType = archive.ar; name = libTrees.a; path = ../lib/build/Debug/libTrees.a; sourceTree = "<group>"; };
		0B5A649F1D5FD5BF005A157E /* TreesViewer.app */ = {isa = PBXFileReference; explicitFileType = wrapper.application; includeInIndex = 0; path = TreesViewer.app; sourceTree = BUILT_PRODUCTS_DIR; };
		0B5A64A21D5FD5BF005A157E /* AppDelegate.h */ = {isa = PBXFileReference; lastKnownFileType = sourcecode.c.h; path = AppDelegate.h; sourceTree = "<group>"; };
		0B5A64A31D5FD5BF005A157E /* AppDelegate.m */ = {isa = PBXFileReference; lastKnownFileType = sourcecode.c.objc; path = AppDelegate.m; sourceTree = "<group>"; };
		0B5A64A61D5FD5BF005A157E /* main.m */ = {isa = PBXFileReference; lastKnownFileType = sourcecode.c.objc; path = main.m; sourceTree = "<group>"; };
		0B5A64A81D5FD5BF005A157E /* ViewController.h */ = {isa = PBXFileReference; lastKnownFileType = sourcecode.c.h; path = ViewController.h; sourceTree = "<group>"; };
		0B5A64A91D5FD5BF005A157E /* ViewController.m */ = {isa = PBXFileReference; lastKnownFileType = sourcecode.c.objc; path = ViewController.m; sourceTree = "<group>"; };
		0B5A64AB1D5FD5BF005A157E /* Assets.xcassets */ = {isa = PBXFileReference; lastKnownFileType = folder.assetcatalog; path = Assets.xcassets; sourceTree = "<group>"; };
		0B5A64AE1D5FD5BF005A157E /* Base */ = {isa = PBXFileReference; lastKnownFileType = file.storyboard; name = Base; path = Base.lproj/Main.storyboard; sourceTree = "<group>"; };
		0B5A64B01D5FD5BF005A157E /* Info.plist */ = {isa = PBXFileReference; lastKnownFileType = text.plist.xml; path = Info.plist; sourceTree = "<group>"; };
/* End PBXFileReference section */

/* Begin PBXFrameworksBuildPhase section */
		0B5A649C1D5FD5BF005A157E /* Frameworks */ = {
			isa = PBXFrameworksBuildPhase;
			buildActionMask = 2147483647;
			files = (
				0B1CF8ED1D5FDB8B00A71263 /* libTrees.a in Frameworks */,
			);
			runOnlyForDeploymentPostprocessing = 0;
		};
/* End PBXFrameworksBuildPhase section */

/* Begin PBXGroup section */
		0B1CF8EB1D5FDB8B00A71263 /* Frameworks */ = {
			isa = PBXGroup;
			children = (
				0B1CF8EC1D5FDB8B00A71263 /* libTrees.a */,
			);
			name = Frameworks;
			sourceTree = "<group>";
		};
		0B5A64961D5FD5BF005A157E = {
			isa = PBXGroup;
			children = (
				0B5A64A11D5FD5BF005A157E /* TreesViewer */,
				0B5A64A01D5FD5BF005A157E /* Products */,
				0B1CF8EB1D5FDB8B00A71263 /* Frameworks */,
			);
			sourceTree = "<group>";
		};
		0B5A64A01D5FD5BF005A157E /* Products */ = {
			isa = PBXGroup;
			children = (
				0B5A649F1D5FD5BF005A157E /* TreesViewer.app */,
			);
			name = Products;
			sourceTree = "<group>";
		};
		0B5A64A11D5FD5BF005A157E /* TreesViewer */ = {
			isa = PBXGroup;
			children = (
				0B5A64A21D5FD5BF005A157E /* AppDelegate.h */,
				0B5A64A31D5FD5BF005A157E /* AppDelegate.m */,
				0B5A64A81D5FD5BF005A157E /* ViewController.h */,
				0B5A64A91D5FD5BF005A157E /* ViewController.m */,
				0B5A64AB1D5FD5BF005A157E /* Assets.xcassets */,
				0B5A64AD1D5FD5BF005A157E /* Main.storyboard */,
				0B5A64B01D5FD5BF005A157E /* Info.plist */,
				0B5A64A51D5FD5BF005A157E /* Supporting Files */,
			);
			path = TreesViewer;
			sourceTree = "<group>";
		};
		0B5A64A51D5FD5BF005A157E /* Supporting Files */ = {
			isa = PBXGroup;
			children = (
				0B5A64A61D5FD5BF005A157E /* main.m */,
			);
			name = "Supporting Files";
			sourceTree = "<group>";
		};
/* End PBXGroup section */

/* Begin PBXNativeTarget section */
		0B5A649E1D5FD5BF005A157E /* TreesViewer */ = {
			isa = PBXNativeTarget;
			buildConfigurationList = 0B5A64B31D5FD5BF005A157E /* Build configuration list for PBXNativeTarget "TreesViewer" */;
			buildPhases = (
				0B5A649B1D5FD5BF005A157E /* Sources */,
				0B5A649C1D5FD5BF005A157E /* Frameworks */,
				0B5A649D1D5FD5BF005A157E /* Resources */,
			);
			buildRules = (
			);
			dependencies = (
			);
			name = TreesViewer;
			productName = TreesViewer;
			productReference = 0B5A649F1D5FD5BF005A157E /* TreesViewer.app */;
			productType = "com.apple.product-type.application";
		};
/* End PBXNativeTarget section */

/* Begin PBXProject section */
		0B5A64971D5FD5BF005A157E /* Project object */ = {
			isa = PBXProject;
			attributes = {
				LastUpgradeCheck = 0800;
				ORGANIZATIONNAME = "Adrian Secord";
				TargetAttributes = {
					0B5A649E1D5FD5BF005A157E = {
						CreatedOnToolsVersion = 8.0;
						ProvisioningStyle = Automatic;
					};
				};
			};
			buildConfigurationList = 0B5A649A1D5FD5BF005A157E /* Build configuration list for PBXProject "TreesViewer" */;
			compatibilityVersion = "Xcode 3.2";
			developmentRegion = English;
			hasScannedForEncodings = 0;
			knownRegions = (
				en,
				Base,
			);
			mainGroup = 0B5A64961D5FD5BF005A157E;
			productRefGroup = 0B5A64A01D5FD5BF005A157E /* Products */;
			projectDirPath = "";
			projectRoot = "";
			targets = (
				0B5A649E1D5FD5BF005A157E /* TreesViewer */,
			);
		};
/* End PBXProject section */

/* Begin PBXResourcesBuildPhase section */
		0B5A649D1D5FD5BF005A157E /* Resources */ = {
			isa = PBXResourcesBuildPhase;
			buildActionMask = 2147483647;
			files = (
				0B5A64AC1D5FD5BF005A157E /* Assets.xcassets in Resources */,
				0B5A64AF1D5FD5BF005A157E /* Main.storyboard in Resources */,
			);
			runOnlyForDeploymentPostprocessing = 0;
		};
/* End PBXResourcesBuildPhase section */

/* Begin PBXSourcesBuildPhase section */
		0B5A649B1D5FD5BF005A157E /* Sources */ = {
			isa = PBXSourcesBuildPhase;
			buildActionMask = 2147483647;
			files = (
				0B5A64AA1D5FD5BF005A157E /* ViewController.m in Sources */,
				0B5A64A71D5FD5BF005A157E /* main.m in Sources */,
				0B5A64A41D5FD5BF005A157E /* AppDelegate.m in Sources */,
			);
			runOnlyForDeploymentPostprocessing = 0;
		};
/* End PBXSourcesBuildPhase section */

/* Begin PBXVariantGroup section */
		0B5A64AD1D5FD5BF005A157E /* Main.storyboard */ = {
			isa = PBXVariantGroup;
			children = (
				0B5A64AE1D5FD5BF005A157E /* Base */,
			);
			name = Main.storyboard;
			sourceTree = "<group>";
		};
/* End PBXVariantGroup section */

/* Begin XCBuildConfiguration section */
		0B5A64B11D5FD5BF005A157E /* Debug */ = {
			isa = XCBuildConfiguration;
			buildSettings = {
				ALWAYS_SEARCH_USER_PATHS = NO;
				CLANG_ANALYZER_NONNULL = YES;
				CLANG_CXX_LANGUAGE_STANDARD = "gnu++0x";
				CLANG_CXX_LIBRARY = "libc++";
				CLANG_ENABLE_MODULES = YES;
				CLANG_ENABLE_OBJC_ARC = YES;
				CLANG_WARN_BOOL_CONVERSION = YES;
				CLANG_WARN_CONSTANT_CONVERSION = YES;
				CLANG_WARN_DIRECT_OBJC_ISA_USAGE = YES_ERROR;
				CLANG_WARN_DOCUMENTATION_COMMENTS = YES;
				CLANG_WARN_EMPTY_BODY = YES;
				CLANG_WARN_ENUM_CONVERSION = YES;
				CLANG_WARN_INFINITE_RECURSION = YES;
				CLANG_WARN_INT_CONVERSION = YES;
				CLANG_WARN_OBJC_ROOT_CLASS = YES_ERROR;
				CLANG_WARN_SUSPICIOUS_MOVES = YES;
				CLANG_WARN_UNREACHABLE_CODE = YES;
				CLANG_WARN__DUPLICATE_METHOD_MATCH = YES;
				CODE_SIGN_IDENTITY = "-";
				COPY_PHASE_STRIP = NO;
				DEBUG_INFORMATION_FORMAT = dwarf;
				ENABLE_STRICT_OBJC_MSGSEND = YES;
				ENABLE_TESTABILITY = YES;
				GCC_C_LANGUAGE_STANDARD = gnu99;
				GCC_DYNAMIC_NO_PIC = NO;
				GCC_NO_COMMON_BLOCKS = YES;
				GCC_OPTIMIZATION_LEVEL = 0;
				GCC_PREPROCESSOR_DEFINITIONS = (
					"DEBUG=1",
					"$(inherited)",
				);
				GCC_WARN_64_TO_32_BIT_CONVERSION = YES;
				GCC_WARN_ABOUT_RETURN_TYPE = YES_ERROR;
				GCC_WARN_UNDECLARED_SELECTOR = YES;
				GCC_WARN_UNINITIALIZED_AUTOS = YES_AGGRESSIVE;
				GCC_WARN_UNUSED_FUNCTION = YES;
				GCC_WARN_UNUSED_VARIABLE = YES;
				HEADER_SEARCH_PATHS = "$(SRCROOT)/../lib/TreesLib";
				MACOSX_DEPLOYMENT_TARGET = 10.11;
				MTL_ENABLE_DEBUG_INFO = YES;
				ONLY_ACTIVE_ARCH = YES;
				SDKROOT = macosx;
			};
			name = Debug;
		};
		0B5A64B21D5FD5BF005A157E /* Release */ = {
			isa = XCBuildConfiguration;
			buildSettings = {
				ALWAYS_SEARCH_USER_PATHS = NO;
				CLANG_ANALYZER_NONNULL = YES;
				CLANG_CXX_LANGUAGE_STANDARD = "gnu++0x";
				CLANG_CXX_LIBRARY = "libc++";
				CLANG_ENABLE_MODULES = YES;
				CLANG_ENABLE_OBJC_ARC = YES;
				CLANG_WARN_BOOL_CONVERSION = YES;
				CLANG_WARN_CONSTANT_CONVERSION = YES;
				CLANG_WARN_DIRECT_OBJC_ISA_USAGE = YES_ERROR;
				CLANG_WARN_DOCUMENTATION_COMMENTS = YES;
				CLANG_WARN_EMPTY_BODY = YES;
				CLANG_WARN_ENUM_CONVERSION = YES;
				CLANG_WARN_INFINITE_RECURSION = YES;
				CLANG_WARN_INT_CONVERSION = YES;
				CLANG_WARN_OBJC_ROOT_CLASS = YES_ERROR;
				CLANG_WARN_SUSPICIOUS_MOVES = YES;
				CLANG_WARN_UNREACHABLE_CODE = YES;
				CLANG_WARN__DUPLICATE_METHOD_MATCH = YES;
				CODE_SIGN_IDENTITY = "-";
				COPY_PHASE_STRIP = NO;
				DEBUG_INFORMATION_FORMAT = "dwarf-with-dsym";
				ENABLE_NS_ASSERTIONS = NO;
				ENABLE_STRICT_OBJC_MSGSEND = YES;
				GCC_C_LANGUAGE_STANDARD = gnu99;
				GCC_NO_COMMON_BLOCKS = YES;
				GCC_WARN_64_TO_32_BIT_CONVERSION = YES;
				GCC_WARN_ABOUT_RETURN_TYPE = YES_ERROR;
				GCC_WARN_UNDECLARED_SELECTOR = YES;
				GCC_WARN_UNINITIALIZED_AUTOS = YES_AGGRESSIVE;
				GCC_WARN_UNUSED_FUNCTION = YES;
				GCC_WARN_UNUSED_VARIABLE = YES;
				HEADER_SEARCH_PATHS = "$(SRCROOT)/../lib/TreesLib";
				MACOSX_DEPLOYMENT_TARGET = 10.11;
				MTL_ENABLE_DEBUG_INFO = NO;
				SDKROOT = macosx;
			};
			name = Release;
		};
		0B5A64B41D5FD5BF005A157E /* Debug */ = {
			isa = XCBuildConfiguration;
			buildSettings = {
				ASSETCATALOG_COMPILER_APPICON_NAME = AppIcon;
				COMBINE_HIDPI_IMAGES = YES;
				INFOPLIST_FILE = TreesViewer/Info.plist;
				LD_RUNPATH_SEARCH_PATHS = "$(inherited) @executable_path/../Frameworks";
				PRODUCT_BUNDLE_IDENTIFIER = com.adriansecord.TreesViewer;
				PRODUCT_NAME = "$(TARGET_NAME)";
			};
			name = Debug;
		};
		0B5A64B51D5FD5BF005A157E /* Release */ = {
			isa = XCBuildConfiguration;
			buildSettings = {
				ASSETCATALOG_COMPILER_APPICON_NAME = AppIcon;
				COMBINE_HIDPI_IMAGES = YES;
				INFOPLIST_FILE = TreesViewer/Info.plist;
				LD_RUNPATH_SEARCH_PATHS = "$(inherited) @executable_path/../Frameworks";
				PRODUCT_BUNDLE_IDENTIFIER = com.adriansecord.TreesViewer;
				PRODUCT_NAME = "$(TARGET_NAME)";
			};
			name = Release;
		};
/* End XCBuildConfiguration section */

/* Begin XCConfigurationList section */
		0B5A649A1D5FD5BF005A157E /* Build configuration list for PBXProject "TreesViewer" */ = {
			isa = XCConfigurationList;
			buildConfigurations = (
				0B5A64B11D5FD5BF005A157E /* Debug */,
				0B5A64B21D5FD5BF005A157E /* Release */,
			);
			defaultConfigurationIsVisible = 0;
			defaultConfigurationName = Release;
		};
		0B5A64B31D5FD5BF005A157E /* Build configuration list for PBXNativeTarget "TreesViewer" */ = {
			isa = XCConfigurationList;
			buildConfigurations = (
				0B5A64B41D5FD5BF005A157E /* Debug */,
				0B5A64B51D5FD5BF005A157E /* Release */,
			);
			defaultConfigurationIsVisible = 0;
			defaultConfigurationName = Release;
		};
/* End XCConfigurationList section */
	};
	rootObject = 0B5A64971D5FD5BF005A157E /* Project object */;
}
